// !$*UTF8*$!
{
	archiveVersion = 1;
	classes = {
	};
	objectVersion = 110;
	objects = {

/* Begin PBXBuildFile section */
		CE5E4043305AAF6B0087CC96 /* WidgetKit.framework in Frameworks */ = {isa = PBXBuildFile; fileRef = CE5E4042305AAF6B0087CC96 /* WidgetKit.framework */; };
		CE5E4045305AAF6B0087CC96 /* SwiftUI.framework in Frameworks */ = {isa = PBXBuildFile; fileRef = CE5E4044305AAF6B0087CC96 /* SwiftUI.framework */; };
		CE5E4052305AAF6C0087CC96 /* FlashcardWidgetExtension.appex in Embed Foundation Extensions */ = {isa = PBXBuildFile; fileRef = CE5E4040305AAF6B0087CC96 /* FlashcardWidgetExtension.appex */; settings = {ATTRIBUTES = (RemoveHeadersOnCopy, ); }; };
/* End PBXBuildFile section */

/* Begin PBXContainerItemProxy section */
		CE5E4050305AAF6C0087CC96 /* PBXContainerItemProxy */ = {
			isa = PBXContainerItemProxy;
			containerPortal = CED8689E305585D9009EFF31 /* Project object */;
			proxyType = 1;
			remoteGlobalIDString = CE5E403F305AAF6B0087CC96;
			remoteInfo = FlashcardWidgetExtension;
		};
		CEE867A5305657CF001C3CB6 /* PBXContainerItemProxy */ = {
			isa = PBXContainerItemProxy;
			containerPortal = CED8689E305585D9009EFF31 /* Project object */;
			proxyType = 1;
			remoteGlobalIDString = CED868A5305585D9009EFF31;
			remoteInfo = "flashcard-widget";
		};
/* End PBXContainerItemProxy section */

/* Begin PBXCopyFilesBuildPhase section */
		CE5E4057305AAF6C0087CC96 /* Embed Foundation Extensions */ = {
			isa = PBXCopyFilesBuildPhase;
			dstPath = "";
			dstSubfolder = PlugIns;
			files = (
				CE5E4052305AAF6C0087CC96 /* FlashcardWidgetExtension.appex in Embed Foundation Extensions */,
			);
			name = "Embed Foundation Extensions";
		};
/* End PBXCopyFilesBuildPhase section */

/* Begin PBXFileReference section */
		CE5E4040305AAF6B0087CC96 /* FlashcardWidgetExtension.appex */ = {isa = PBXFileReference; explicitFileType = "wrapper.app-extension"; includeInIndex = 0; path = FlashcardWidgetExtension.appex; sourceTree = BUILT_PRODUCTS_DIR; };
		CE5E4042305AAF6B0087CC96 /* WidgetKit.framework */ = {isa = PBXFileReference; lastKnownFileType = wrapper.framework; name = WidgetKit.framework; path = /System/Library/Frameworks/WidgetKit.framework; sourceTree = "<absolute>"; };
		CE5E4044305AAF6B0087CC96 /* SwiftUI.framework */ = {isa = PBXFileReference; lastKnownFileType = wrapper.framework; name = SwiftUI.framework; path = /System/Library/Frameworks/SwiftUI.framework; sourceTree = "<absolute>"; };
		CE5E4058305AAF750087CC96 /* FlashcardWidgetExtension.entitlements */ = {isa = PBXFileReference; lastKnownFileType = text.plist.entitlements; path = FlashcardWidgetExtension.entitlements; sourceTree = "<group>"; };
		CED868A6305585D9009EFF31 /* flashcard-widget.app */ = {isa = PBXFileReference; explicitFileType = wrapper.application; includeInIndex = 0; path = "flashcard-widget.app"; sourceTree = BUILT_PRODUCTS_DIR; };
		CEE867A1305657CF001C3CB6 /* flashcard-widgetTests.xctest */ = {isa = PBXFileReference; explicitFileType = wrapper.cfbundle; includeInIndex = 0; path = "flashcard-widgetTests.xctest"; sourceTree = BUILT_PRODUCTS_DIR; };
/* End PBXFileReference section */

/* Begin PBXFileSystemSynchronizedBuildFileExceptionSet section */
		CE5E4056305AAF6C0087CC96 /* Exceptions for "FlashcardWidget" folder in "FlashcardWidgetExtension" target */ = {
			isa = PBXFileSystemSynchronizedBuildFileExceptionSet;
			membershipExceptions = (
				Info.plist,
			);
			target = CE5E403F305AAF6B0087CC96 /* FlashcardWidgetExtension */;
		};
		CE5E405D305AC9EF0087CC96 /* Exceptions for "flashcard-widget" folder in "FlashcardWidgetExtension" target */ = {
			isa = PBXFileSystemSynchronizedBuildFileExceptionSet;
			membershipExceptions = (
				Models/Card.swift,
				Models/Deck.swift,
				Models/DisplayConfig.swift,
				Models/DisplayOrder.swift,
				Models/FieldRole.swift,
				Models/HistoryEntry.swift,
				Models/MediaItem.swift,
				Models/Note.swift,
				Models/NoteType.swift,
				Models/NoteTypeField.swift,
				Persistence/ScheduleFileLock.swift,
				Persistence/SharedModelContainer.swift,
				Scheduling/DeckScheduler.swift,
				Scheduling/ScheduleSelector.swift,
				Scheduling/SleepSchedule.swift,
			);
			target = CE5E403F305AAF6B0087CC96 /* FlashcardWidgetExtension */;
		};
		CEE868473056868A001C3CB6 /* Exceptions for "flashcard-widget" folder in "flashcard-widget" target */ = {
			isa = PBXFileSystemSynchronizedBuildFileExceptionSet;
			membershipExceptions = (
				Info.plist,
			);
			target = CED868A5305585D9009EFF31 /* flashcard-widget */;
		};
/* End PBXFileSystemSynchronizedBuildFileExceptionSet section */

/* Begin PBXFileSystemSynchronizedRootGroup section */
		CE5E4046305AAF6B0087CC96 /* FlashcardWidget */ = {
			isa = PBXFileSystemSynchronizedRootGroup;
			exceptions = (
				CE5E4056305AAF6C0087CC96 /* Exceptions for "FlashcardWidget" folder in "FlashcardWidgetExtension" target */,
			);
			path = FlashcardWidget;
			sourceTree = "<group>";
		};
		CED868A8305585D9009EFF31 /* flashcard-widget */ = {
			isa = PBXFileSystemSynchronizedRootGroup;
			exceptions = (
				CEE868473056868A001C3CB6 /* Exceptions for "flashcard-widget" folder in "flashcard-widget" target */,
				CE5E405D305AC9EF0087CC96 /* Exceptions for "flashcard-widget" folder in "FlashcardWidgetExtension" target */,
			);
			path = "flashcard-widget";
			sourceTree = "<group>";
		};
		CEE867A2305657CF001C3CB6 /* flashcard-widget-tests */ = {
			isa = PBXFileSystemSynchronizedRootGroup;
			path = "flashcard-widget-tests";
			sourceTree = "<group>";
		};
/* End PBXFileSystemSynchronizedRootGroup section */

/* Begin PBXFrameworksBuildPhase section */
		CE5E403D305AAF6B0087CC96 /* Frameworks */ = {
			isa = PBXFrameworksBuildPhase;
			files = (
				CE5E4045305AAF6B0087CC96 /* SwiftUI.framework in Frameworks */,
				CE5E4043305AAF6B0087CC96 /* WidgetKit.framework in Frameworks */,
			);
		};
		CED868A3305585D9009EFF31 /* Frameworks */ = {
			isa = PBXFrameworksBuildPhase;
			files = (
			);
		};
		CEE8679E305657CF001C3CB6 /* Frameworks */ = {
			isa = PBXFrameworksBuildPhase;
			files = (
			);
		};
/* End PBXFrameworksBuildPhase section */

/* Begin PBXGroup section */
		CE5E4041305AAF6B0087CC96 /* Frameworks */ = {
			isa = PBXGroup;
			children = (
				CE5E4042305AAF6B0087CC96 /* WidgetKit.framework */,
				CE5E4044305AAF6B0087CC96 /* SwiftUI.framework */,
			);
			name = Frameworks;
			sourceTree = "<group>";
		};
		CED8689D305585D9009EFF31 = {
			isa = PBXGroup;
			children = (
				CE5E4058305AAF750087CC96 /* FlashcardWidgetExtension.entitlements */,
				CED868A8305585D9009EFF31 /* flashcard-widget */,
				CEE867A2305657CF001C3CB6 /* flashcard-widget-tests */,
				CE5E4046305AAF6B0087CC96 /* FlashcardWidget */,
				CE5E4041305AAF6B0087CC96 /* Frameworks */,
				CED868A7305585D9009EFF31 /* Products */,
			);
			sourceTree = "<group>";
		};
		CED868A7305585D9009EFF31 /* Products */ = {
			isa = PBXGroup;
			children = (
				CED868A6305585D9009EFF31 /* flashcard-widget.app */,
				CEE867A1305657CF001C3CB6 /* flashcard-widgetTests.xctest */,
				CE5E4040305AAF6B0087CC96 /* FlashcardWidgetExtension.appex */,
			);
			name = Products;
			sourceTree = "<group>";
		};
/* End PBXGroup section */

/* Begin PBXNativeTarget section */
		CE5E403F305AAF6B0087CC96 /* FlashcardWidgetExtension */ = {
			isa = PBXNativeTarget;
			buildConfigurationList = CE5E4053305AAF6C0087CC96 /* Build configuration list for PBXNativeTarget "FlashcardWidgetExtension" */;
			buildPhases = (
				CE5E403C305AAF6B0087CC96 /* Sources */,
				CE5E403D305AAF6B0087CC96 /* Frameworks */,
				CE5E403E305AAF6B0087CC96 /* Resources */,
			);
			buildRules = (
			);
			fileSystemSynchronizedGroups = (
				CE5E4046305AAF6B0087CC96 /* FlashcardWidget */,
			);
			name = FlashcardWidgetExtension;
			productName = FlashcardWidgetExtension;
			productReference = CE5E4040305AAF6B0087CC96 /* FlashcardWidgetExtension.appex */;
			productType = "com.apple.product-type.app-extension";
		};
		CED868A5305585D9009EFF31 /* flashcard-widget */ = {
			isa = PBXNativeTarget;
			buildConfigurationList = CED868B3305585DA009EFF31 /* Build configuration list for PBXNativeTarget "flashcard-widget" */;
			buildPhases = (
				F14000000000000000000001 /* Check Bounded Schedule History Access */,
				CED868A2305585D9009EFF31 /* Sources */,
				CED868A3305585D9009EFF31 /* Frameworks */,
				CED868A4305585D9009EFF31 /* Resources */,
				CE5E4057305AAF6C0087CC96 /* Embed Foundation Extensions */,
			);
			buildRules = (
			);
			dependencies = (
				CE5E4051305AAF6C0087CC96 /* PBXTargetDependency */,
			);
			fileSystemSynchronizedGroups = (
				CED868A8305585D9009EFF31 /* flashcard-widget */,
			);
			name = "flashcard-widget";
			productName = "flashcard-widget";
			productReference = CED868A6305585D9009EFF31 /* flashcard-widget.app */;
			productType = "com.apple.product-type.application";
		};
		CEE867A0305657CF001C3CB6 /* flashcard-widgetTests */ = {
			isa = PBXNativeTarget;
			buildConfigurationList = CEE867A9305657CF001C3CB6 /* Build configuration list for PBXNativeTarget "flashcard-widgetTests" */;
			buildPhases = (
				CEE8679D305657CF001C3CB6 /* Sources */,
				CEE8679E305657CF001C3CB6 /* Frameworks */,
				CEE8679F305657CF001C3CB6 /* Resources */,
			);
			buildRules = (
			);
			dependencies = (
				CEE867A6305657CF001C3CB6 /* PBXTargetDependency */,
			);
			fileSystemSynchronizedGroups = (
				CEE867A2305657CF001C3CB6 /* flashcard-widget-tests */,
			);
			name = "flashcard-widgetTests";
			productName = "flashcard-widgetTests";
			productReference = CEE867A1305657CF001C3CB6 /* flashcard-widgetTests.xctest */;
			productType = "com.apple.product-type.bundle.unit-test";
		};
/* End PBXNativeTarget section */

/* Begin PBXProject section */
		CED8689E305585D9009EFF31 /* Project object */ = {
			isa = PBXProject;
			attributes = {
				BuildIndependentTargetsInParallel = 1;
				LastSwiftUpdateCheck = 2700;
				LastUpgradeCheck = 2700;
				TargetAttributes = {
					CE5E403F305AAF6B0087CC96 = {
						CreatedOnToolsVersion = 27.0;
					};
					CED868A5305585D9009EFF31 = {
						CreatedOnToolsVersion = 27.0;
					};
					CEE867A0305657CF001C3CB6 = {
						CreatedOnToolsVersion = 27.0;
						TestTargetID = CED868A5305585D9009EFF31;
					};
				};
			};
			buildConfigurationList = CED868A1305585D9009EFF31 /* Build configuration list for PBXProject "flashcard-widget" */;
			developmentRegion = en;
			hasScannedForEncodings = 0;
			knownRegions = (
				en,
				Base,
			);
			mainGroup = CED8689D305585D9009EFF31;
			minimizedProjectReferenceProxies = 1;
			preferredProjectObjectVersion = 77;
			productRefGroup = CED868A7305585D9009EFF31 /* Products */;
			projectDirPath = "";
			projectRoot = "";
			targets = (
				CED868A5305585D9009EFF31 /* flashcard-widget */,
				CEE867A0305657CF001C3CB6 /* flashcard-widgetTests */,
				CE5E403F305AAF6B0087CC96 /* FlashcardWidgetExtension */,
			);
		};
/* End PBXProject section */

/* Begin PBXResourcesBuildPhase section */
		CE5E403E305AAF6B0087CC96 /* Resources */ = {
			isa = PBXResourcesBuildPhase;
			files = (
			);
		};
		CED868A4305585D9009EFF31 /* Resources */ = {
			isa = PBXResourcesBuildPhase;
			files = (
			);
		};
		CEE8679F305657CF001C3CB6 /* Resources */ = {
			isa = PBXResourcesBuildPhase;
			files = (
			);
		};
/* End PBXResourcesBuildPhase section */

/* Begin PBXShellScriptBuildPhase section */
		F14000000000000000000001 /* Check Bounded Schedule History Access */ = {
			isa = PBXShellScriptBuildPhase;
			alwaysOutOfDate = 1;
			inputPaths = (
				"$(SRCROOT)/scripts/check-schedule-history-access.sh",
				"$(SRCROOT)/flashcard-widget",
				"$(SRCROOT)/FlashcardWidget",
			);
			name = "Check Bounded Schedule History Access";
			shellPath = /bin/sh;
			shellScript = (
				"\"${SRCROOT}/scripts/check-schedule-history-access.sh\"",
			);
		};
/* End PBXShellScriptBuildPhase section */

/* Begin PBXSourcesBuildPhase section */
		CE5E403C305AAF6B0087CC96 /* Sources */ = {
			isa = PBXSourcesBuildPhase;
			files = (
			);
		};
		CED868A2305585D9009EFF31 /* Sources */ = {
			isa = PBXSourcesBuildPhase;
			files = (
			);
		};
		CEE8679D305657CF001C3CB6 /* Sources */ = {
			isa = PBXSourcesBuildPhase;
			files = (
			);
		};
/* End PBXSourcesBuildPhase section */

/* Begin PBXTargetDependency section */
		CE5E4051305AAF6C0087CC96 /* PBXTargetDependency */ = {
			isa = PBXTargetDependency;
			target = CE5E403F305AAF6B0087CC96 /* FlashcardWidgetExtension */;
			targetProxy = CE5E4050305AAF6C0087CC96 /* PBXContainerItemProxy */;
		};
		CEE867A6305657CF001C3CB6 /* PBXTargetDependency */ = {
			isa = PBXTargetDependency;
			target = CED868A5305585D9009EFF31 /* flashcard-widget */;
			targetProxy = CEE867A5305657CF001C3CB6 /* PBXContainerItemProxy */;
		};
/* End PBXTargetDependency section */

/* Begin XCBuildConfiguration section */
		CE5E4054305AAF6C0087CC96 /* Debug configuration for PBXNativeTarget "FlashcardWidgetExtension" */ = {
			isa = XCBuildConfiguration;
			buildSettings = {
				ASSETCATALOG_COMPILER_GLOBAL_ACCENT_COLOR_NAME = AccentColor;
				ASSETCATALOG_COMPILER_WIDGET_BACKGROUND_COLOR_NAME = WidgetBackground;
				CODE_SIGN_ENTITLEMENTS = FlashcardWidgetExtension.entitlements;
				CODE_SIGN_STYLE = Automatic;
				CURRENT_PROJECT_VERSION = 1;
				DEVELOPMENT_TEAM = UTJKKL2M45;
				ENABLE_APP_SANDBOX = YES;
				GENERATE_INFOPLIST_FILE = YES;
				INFOPLIST_FILE = FlashcardWidget/Info.plist;
				INFOPLIST_KEY_CFBundleDisplayName = FlashcardWidget;
				INFOPLIST_KEY_NSHumanReadableCopyright = "";
				IPHONEOS_DEPLOYMENT_TARGET = 27.0;
				LD_RUNPATH_SEARCH_PATHS = (
					"$(inherited)",
					"@executable_path/Frameworks",
					"@executable_path/../../Frameworks",
				);
				"LD_RUNPATH_SEARCH_PATHS[sdk=macosx*]" = (
					"$(inherited)",
					"@executable_path/../Frameworks",
					"@executable_path/../../../../Frameworks",
				);
				MACOSX_DEPLOYMENT_TARGET = 27.0;
				MARKETING_VERSION = 1.0;
				PRODUCT_BUNDLE_IDENTIFIER = "com.xyz7172.flashcard-widget.widget";
				PRODUCT_NAME = "$(TARGET_NAME)";
				REGISTER_APP_GROUPS = YES;
				SDKROOT = auto;
				SKIP_INSTALL = YES;
				STRING_CATALOG_GENERATE_SYMBOLS = YES;
				SUPPORTED_PLATFORMS = "iphoneos iphonesimulator macosx xros xrsimulator";
				SWIFT_APPROACHABLE_CONCURRENCY = YES;
				SWIFT_EMIT_LOC_STRINGS = YES;
				SWIFT_UPCOMING_FEATURE_MEMBER_IMPORT_VISIBILITY = YES;
				SWIFT_VERSION = 5.0;
				TARGETED_DEVICE_FAMILY = "1,2,7";
				XROS_DEPLOYMENT_TARGET = 27.0;
			};
			name = Debug;
		};
		CE5E4055305AAF6C0087CC96 /* Release configuration for PBXNativeTarget "FlashcardWidgetExtension" */ = {
			isa = XCBuildConfiguration;
			buildSettings = {
				ASSETCATALOG_COMPILER_GLOBAL_ACCENT_COLOR_NAME = AccentColor;
				ASSETCATALOG_COMPILER_WIDGET_BACKGROUND_COLOR_NAME = WidgetBackground;
				CODE_SIGN_ENTITLEMENTS = FlashcardWidgetExtension.entitlements;
				CODE_SIGN_STYLE = Automatic;
				CURRENT_PROJECT_VERSION = 1;
				DEVELOPMENT_TEAM = UTJKKL2M45;
				ENABLE_APP_SANDBOX = YES;
				GENERATE_INFOPLIST_FILE = YES;
				INFOPLIST_FILE = FlashcardWidget/Info.plist;
				INFOPLIST_KEY_CFBundleDisplayName = FlashcardWidget;
				INFOPLIST_KEY_NSHumanReadableCopyright = "";
				IPHONEOS_DEPLOYMENT_TARGET = 27.0;
				LD_RUNPATH_SEARCH_PATHS = (
					"$(inherited)",
					"@executable_path/Frameworks",
					"@executable_path/../../Frameworks",
				);
				"LD_RUNPATH_SEARCH_PATHS[sdk=macosx*]" = (
					"$(inherited)",
					"@executable_path/../Frameworks",
					"@executable_path/../../../../Frameworks",
				);
				MACOSX_DEPLOYMENT_TARGET = 27.0;
				MARKETING_VERSION = 1.0;
				PRODUCT_BUNDLE_IDENTIFIER = "com.xyz7172.flashcard-widget.widget";
				PRODUCT_NAME = "$(TARGET_NAME)";
				REGISTER_APP_GROUPS = YES;
				SDKROOT = auto;
				SKIP_INSTALL = YES;
				STRING_CATALOG_GENERATE_SYMBOLS = YES;
				SUPPORTED_PLATFORMS = "iphoneos iphonesimulator macosx xros xrsimulator";
				SWIFT_APPROACHABLE_CONCURRENCY = YES;
				SWIFT_EMIT_LOC_STRINGS = YES;
				SWIFT_UPCOMING_FEATURE_MEMBER_IMPORT_VISIBILITY = YES;
				SWIFT_VERSION = 5.0;
				TARGETED_DEVICE_FAMILY = "1,2,7";
				XROS_DEPLOYMENT_TARGET = 27.0;
			};
			name = Release;
		};
		CED868B1305585DA009EFF31 /* Debug configuration for PBXProject "flashcard-widget" */ = {
			isa = XCBuildConfiguration;
			buildSettings = {
				ALWAYS_SEARCH_USER_PATHS = NO;
				ASSETCATALOG_COMPILER_GENERATE_SWIFT_ASSET_SYMBOL_EXTENSIONS = YES;
				CLANG_ANALYZER_NONNULL = YES;
				CLANG_ANALYZER_NUMBER_OBJECT_CONVERSION = YES_AGGRESSIVE;
				CLANG_CXX_LANGUAGE_STANDARD = "gnu++20";
				CLANG_ENABLE_MODULES = YES;
				CLANG_ENABLE_OBJC_ARC = YES;
				CLANG_ENABLE_OBJC_WEAK = YES;
				CLANG_WARN_BLOCK_CAPTURE_AUTORELEASING = YES;
				CLANG_WARN_BOOL_CONVERSION = YES;
				CLANG_WARN_COMMA = YES;
				CLANG_WARN_CONSTANT_CONVERSION = YES;
				CLANG_WARN_DEPRECATED_OBJC_IMPLEMENTATIONS = YES;
				CLANG_WARN_DIRECT_OBJC_ISA_USAGE = YES_ERROR;
				CLANG_WARN_DOCUMENTATION_COMMENTS = YES;
				CLANG_WARN_EMPTY_BODY = YES;
				CLANG_WARN_ENUM_CONVERSION = YES;
				CLANG_WARN_INFINITE_RECURSION = YES;
				CLANG_WARN_INT_CONVERSION = YES;
				CLANG_WARN_NON_LITERAL_NULL_CONVERSION = YES;
				CLANG_WARN_OBJC_IMPLICIT_RETAIN_SELF = YES;
				CLANG_WARN_OBJC_LITERAL_CONVERSION = YES;
				CLANG_WARN_OBJC_ROOT_CLASS = YES_ERROR;
				CLANG_WARN_QUOTED_INCLUDE_IN_FRAMEWORK_HEADER = YES;
				CLANG_WARN_RANGE_LOOP_ANALYSIS = YES;
				CLANG_WARN_STRICT_PROTOTYPES = YES;
				CLANG_WARN_SUSPICIOUS_MOVE = YES;
				CLANG_WARN_UNGUARDED_AVAILABILITY = YES_AGGRESSIVE;
				CLANG_WARN_UNREACHABLE_CODE = YES;
				CLANG_WARN__DUPLICATE_METHOD_MATCH = YES;
				COPY_PHASE_STRIP = NO;
				DEBUG_INFORMATION_FORMAT = dwarf;
				DEVELOPMENT_TEAM = UTJKKL2M45;
				ENABLE_STRICT_OBJC_MSGSEND = YES;
				ENABLE_TESTABILITY = YES;
				ENABLE_USER_SCRIPT_SANDBOXING = YES;
				GCC_C_LANGUAGE_STANDARD = gnu17;
				GCC_DYNAMIC_NO_PIC = NO;
				GCC_NO_COMMON_BLOCKS = YES;
				GCC_OPTIMIZATION_LEVEL = 0;
				GCC_PREPROCESSOR_DEFINITIONS = (
					"DEBUG=1",
					"$(inherited)",
				);
				GCC_WARN_64_TO_32_BIT_CONVERSION = YES;
				GCC_WARN_ABOUT_RETURN_TYPE = YES_ERROR;
				GCC_WARN_UNDECLARED_SELECTOR = YES;
				GCC_WARN_UNINITIALIZED_AUTOS = YES_AGGRESSIVE;
				GCC_WARN_UNUSED_FUNCTION = YES;
				GCC_WARN_UNUSED_VARIABLE = YES;
				IPHONEOS_DEPLOYMENT_TARGET = 27.0;
				LOCALIZATION_PREFERS_STRING_CATALOGS = YES;
				MTL_ENABLE_DEBUG_INFO = INCLUDE_SOURCE;
				MTL_FAST_MATH = YES;
				ONLY_ACTIVE_ARCH = YES;
				SDKROOT = iphoneos;
				SWIFT_ACTIVE_COMPILATION_CONDITIONS = "DEBUG $(inherited)";
				SWIFT_OPTIMIZATION_LEVEL = "-Onone";
			};
			name = Debug;
		};
		CED868B2305585DA009EFF31 /* Release configuration for PBXProject "flashcard-widget" */ = {
			isa = XCBuildConfiguration;
			buildSettings = {
				ALWAYS_SEARCH_USER_PATHS = NO;
				ASSETCATALOG_COMPILER_GENERATE_SWIFT_ASSET_SYMBOL_EXTENSIONS = YES;
				CLANG_ANALYZER_NONNULL = YES;
				CLANG_ANALYZER_NUMBER_OBJECT_CONVERSION = YES_AGGRESSIVE;
				CLANG_CXX_LANGUAGE_STANDARD = "gnu++20";
				CLANG_ENABLE_MODULES = YES;
				CLANG_ENABLE_OBJC_ARC = YES;
				CLANG_ENABLE_OBJC_WEAK = YES;
				CLANG_WARN_BLOCK_CAPTURE_AUTORELEASING = YES;
				CLANG_WARN_BOOL_CONVERSION = YES;
				CLANG_WARN_COMMA = YES;
				CLANG_WARN_CONSTANT_CONVERSION = YES;
				CLANG_WARN_DEPRECATED_OBJC_IMPLEMENTATIONS = YES;
				CLANG_WARN_DIRECT_OBJC_ISA_USAGE = YES_ERROR;
				CLANG_WARN_DOCUMENTATION_COMMENTS = YES;
				CLANG_WARN_EMPTY_BODY = YES;
				CLANG_WARN_ENUM_CONVERSION = YES;
				CLANG_WARN_INFINITE_RECURSION = YES;
				CLANG_WARN_INT_CONVERSION = YES;
				CLANG_WARN_NON_LITERAL_NULL_CONVERSION = YES;
				CLANG_WARN_OBJC_IMPLICIT_RETAIN_SELF = YES;
				CLANG_WARN_OBJC_LITERAL_CONVERSION = YES;
				CLANG_WARN_OBJC_ROOT_CLASS = YES_ERROR;
				CLANG_WARN_QUOTED_INCLUDE_IN_FRAMEWORK_HEADER = YES;
				CLANG_WARN_RANGE_LOOP_ANALYSIS = YES;
				CLANG_WARN_STRICT_PROTOTYPES = YES;
				CLANG_WARN_SUSPICIOUS_MOVE = YES;
				CLANG_WARN_UNGUARDED_AVAILABILITY = YES_AGGRESSIVE;
				CLANG_WARN_UNREACHABLE_CODE = YES;
				CLANG_WARN__DUPLICATE_METHOD_MATCH = YES;
				COPY_PHASE_STRIP = NO;
				DEBUG_INFORMATION_FORMAT = "dwarf-with-dsym";
				DEVELOPMENT_TEAM = UTJKKL2M45;
				ENABLE_NS_ASSERTIONS = NO;
				ENABLE_STRICT_OBJC_MSGSEND = YES;
				ENABLE_USER_SCRIPT_SANDBOXING = YES;
				GCC_C_LANGUAGE_STANDARD = gnu17;
				GCC_NO_COMMON_BLOCKS = YES;
				GCC_WARN_64_TO_32_BIT_CONVERSION = YES;
				GCC_WARN_ABOUT_RETURN_TYPE = YES_ERROR;
				GCC_WARN_UNDECLARED_SELECTOR = YES;
				GCC_WARN_UNINITIALIZED_AUTOS = YES_AGGRESSIVE;
				GCC_WARN_UNUSED_FUNCTION = YES;
				GCC_WARN_UNUSED_VARIABLE = YES;
				IPHONEOS_DEPLOYMENT_TARGET = 27.0;
				LOCALIZATION_PREFERS_STRING_CATALOGS = YES;
				MTL_ENABLE_DEBUG_INFO = NO;
				MTL_FAST_MATH = YES;
				SDKROOT = iphoneos;
				SWIFT_COMPILATION_MODE = wholemodule;
				VALIDATE_PRODUCT = YES;
			};
			name = Release;
		};
		CED868B4305585DA009EFF31 /* Debug configuration for PBXNativeTarget "flashcard-widget" */ = {
			isa = XCBuildConfiguration;
			buildSettings = {
				ASSETCATALOG_COMPILER_APPICON_NAME = AppIcon;
				ASSETCATALOG_COMPILER_GLOBAL_ACCENT_COLOR_NAME = AccentColor;
				CODE_SIGN_ENTITLEMENTS = "flashcard-widget/flashcard-widget.entitlements";
				CODE_SIGN_STYLE = Automatic;
				CURRENT_PROJECT_VERSION = 1;
				DEVELOPMENT_TEAM = UTJKKL2M45;
				ENABLE_PREVIEWS = YES;
				ENABLE_USER_SCRIPT_SANDBOXING = NO;
				GENERATE_INFOPLIST_FILE = YES;
				HEADER_SEARCH_PATHS = "$(SRCROOT)/flashcard-widget/ThirdParty/zstd/lib";
				INFOPLIST_FILE = "flashcard-widget/Info.plist";
				INFOPLIST_KEY_UIApplicationSceneManifest_Generation = YES;
				INFOPLIST_KEY_UIApplicationSupportsIndirectInputEvents = YES;
				INFOPLIST_KEY_UILaunchScreen_Generation = YES;
				INFOPLIST_KEY_UISupportedInterfaceOrientations_iPad = "UIInterfaceOrientationPortrait UIInterfaceOrientationPortraitUpsideDown UIInterfaceOrientationLandscapeLeft UIInterfaceOrientationLandscapeRight";
				INFOPLIST_KEY_UISupportedInterfaceOrientations_iPhone = "UIInterfaceOrientationPortrait UIInterfaceOrientationLandscapeLeft UIInterfaceOrientationLandscapeRight";
				LD_RUNPATH_SEARCH_PATHS = (
					"$(inherited)",
					"@executable_path/Frameworks",
				);
				MARKETING_VERSION = 1.0;
				OTHER_LDFLAGS = "-lsqlite3";
				PRODUCT_BUNDLE_IDENTIFIER = "com.xyz7172.flashcard-widget";
				PRODUCT_NAME = "$(TARGET_NAME)";
				REGISTER_APP_GROUPS = YES;
				STRING_CATALOG_GENERATE_SYMBOLS = YES;
				SWIFT_APPROACHABLE_CONCURRENCY = YES;
				SWIFT_DEFAULT_ACTOR_ISOLATION = MainActor;
				SWIFT_EMIT_LOC_STRINGS = YES;
				SWIFT_OBJC_BRIDGING_HEADER = "flashcard-widget/BridgingHeader.h";
				SWIFT_UPCOMING_FEATURE_MEMBER_IMPORT_VISIBILITY = YES;
				SWIFT_VERSION = 5.0;
				TARGETED_DEVICE_FAMILY = "1,2";
			};
			name = Debug;
		};
		CED868B5305585DA009EFF31 /* Release configuration for PBXNativeTarget "flashcard-widget" */ = {
			isa = XCBuildConfiguration;
			buildSettings = {
				ASSETCATALOG_COMPILER_APPICON_NAME = AppIcon;
				ASSETCATALOG_COMPILER_GLOBAL_ACCENT_COLOR_NAME = AccentColor;
				CODE_SIGN_ENTITLEMENTS = "flashcard-widget/flashcard-widget.entitlements";
				CODE_SIGN_STYLE = Automatic;
				CURRENT_PROJECT_VERSION = 1;
				DEVELOPMENT_TEAM = UTJKKL2M45;
				ENABLE_PREVIEWS = YES;
				ENABLE_USER_SCRIPT_SANDBOXING = NO;
				GENERATE_INFOPLIST_FILE = YES;
				HEADER_SEARCH_PATHS = "$(SRCROOT)/flashcard-widget/ThirdParty/zstd/lib";
				INFOPLIST_FILE = "flashcard-widget/Info.plist";
				INFOPLIST_KEY_UIApplicationSceneManifest_Generation = YES;
				INFOPLIST_KEY_UIApplicationSupportsIndirectInputEvents = YES;
				INFOPLIST_KEY_UILaunchScreen_Generation = YES;
				INFOPLIST_KEY_UISupportedInterfaceOrientations_iPad = "UIInterfaceOrientationPortrait UIInterfaceOrientationPortraitUpsideDown UIInterfaceOrientationLandscapeLeft UIInterfaceOrientationLandscapeRight";
				INFOPLIST_KEY_UISupportedInterfaceOrientations_iPhone = "UIInterfaceOrientationPortrait UIInterfaceOrientationLandscapeLeft UIInterfaceOrientationLandscapeRight";
				LD_RUNPATH_SEARCH_PATHS = (
					"$(inherited)",
					"@executable_path/Frameworks",
				);
				MARKETING_VERSION = 1.0;
				OTHER_LDFLAGS = "-lsqlite3";
				PRODUCT_BUNDLE_IDENTIFIER = "com.xyz7172.flashcard-widget";
				PRODUCT_NAME = "$(TARGET_NAME)";
				REGISTER_APP_GROUPS = YES;
				STRING_CATALOG_GENERATE_SYMBOLS = YES;
				SWIFT_APPROACHABLE_CONCURRENCY = YES;
				SWIFT_DEFAULT_ACTOR_ISOLATION = MainActor;
				SWIFT_EMIT_LOC_STRINGS = YES;
				SWIFT_OBJC_BRIDGING_HEADER = "flashcard-widget/BridgingHeader.h";
				SWIFT_UPCOMING_FEATURE_MEMBER_IMPORT_VISIBILITY = YES;
				SWIFT_VERSION = 5.0;
				TARGETED_DEVICE_FAMILY = "1,2";
			};
			name = Release;
		};
		CEE867A7305657CF001C3CB6 /* Debug configuration for PBXNativeTarget "flashcard-widgetTests" */ = {
			isa = XCBuildConfiguration;
			buildSettings = {
				BUNDLE_LOADER = "$(TEST_HOST)";
				CODE_SIGN_STYLE = Automatic;
				CURRENT_PROJECT_VERSION = 1;
				GENERATE_INFOPLIST_FILE = YES;
				IPHONEOS_DEPLOYMENT_TARGET = 27.0;
				MACOSX_DEPLOYMENT_TARGET = 27.0;
				MARKETING_VERSION = 1.0;
				PRODUCT_BUNDLE_IDENTIFIER = "com.xyz7172.flashcard-widget.flashcard-widgetTests";
				PRODUCT_NAME = "$(TARGET_NAME)";
				SDKROOT = auto;
				STRING_CATALOG_GENERATE_SYMBOLS = NO;
				SUPPORTED_PLATFORMS = "iphoneos iphonesimulator macosx xros xrsimulator";
				SWIFT_APPROACHABLE_CONCURRENCY = YES;
				SWIFT_EMIT_LOC_STRINGS = NO;
				SWIFT_UPCOMING_FEATURE_MEMBER_IMPORT_VISIBILITY = YES;
				SWIFT_VERSION = 5.0;
				TARGETED_DEVICE_FAMILY = "1,2,7";
				TEST_HOST = "$(BUILT_PRODUCTS_DIR)/flashcard-widget.app/$(BUNDLE_EXECUTABLE_FOLDER_PATH)/flashcard-widget";
				XROS_DEPLOYMENT_TARGET = 27.0;
			};
			name = Debug;
		};
		CEE867A8305657CF001C3CB6 /* Release configuration for PBXNativeTarget "flashcard-widgetTests" */ = {
			isa = XCBuildConfiguration;
			buildSettings = {
				BUNDLE_LOADER = "$(TEST_HOST)";
				CODE_SIGN_STYLE = Automatic;
				CURRENT_PROJECT_VERSION = 1;
				GENERATE_INFOPLIST_FILE = YES;
				IPHONEOS_DEPLOYMENT_TARGET = 27.0;
				MACOSX_DEPLOYMENT_TARGET = 27.0;
				MARKETING_VERSION = 1.0;
				PRODUCT_BUNDLE_IDENTIFIER = "com.xyz7172.flashcard-widget.flashcard-widgetTests";
				PRODUCT_NAME = "$(TARGET_NAME)";
				SDKROOT = auto;
				STRING_CATALOG_GENERATE_SYMBOLS = NO;
				SUPPORTED_PLATFORMS = "iphoneos iphonesimulator macosx xros xrsimulator";
				SWIFT_APPROACHABLE_CONCURRENCY = YES;
				SWIFT_EMIT_LOC_STRINGS = NO;
				SWIFT_UPCOMING_FEATURE_MEMBER_IMPORT_VISIBILITY = YES;
				SWIFT_VERSION = 5.0;
				TARGETED_DEVICE_FAMILY = "1,2,7";
				TEST_HOST = "$(BUILT_PRODUCTS_DIR)/flashcard-widget.app/$(BUNDLE_EXECUTABLE_FOLDER_PATH)/flashcard-widget";
				XROS_DEPLOYMENT_TARGET = 27.0;
			};
			name = Release;
		};
/* End XCBuildConfiguration section */

/* Begin XCConfigurationList section */
		CE5E4053305AAF6C0087CC96 /* Build configuration list for PBXNativeTarget "FlashcardWidgetExtension" */ = {
			isa = XCConfigurationList;
			buildConfigurations = (
				CE5E4054305AAF6C0087CC96 /* Debug configuration for PBXNativeTarget "FlashcardWidgetExtension" */,
				CE5E4055305AAF6C0087CC96 /* Release configuration for PBXNativeTarget "FlashcardWidgetExtension" */,
			);
			defaultConfigurationName = Release;
		};
		CED868A1305585D9009EFF31 /* Build configuration list for PBXProject "flashcard-widget" */ = {
			isa = XCConfigurationList;
			buildConfigurations = (
				CED868B1305585DA009EFF31 /* Debug configuration for PBXProject "flashcard-widget" */,
				CED868B2305585DA009EFF31 /* Release configuration for PBXProject "flashcard-widget" */,
			);
			defaultConfigurationName = Release;
		};
		CED868B3305585DA009EFF31 /* Build configuration list for PBXNativeTarget "flashcard-widget" */ = {
			isa = XCConfigurationList;
			buildConfigurations = (
				CED868B4305585DA009EFF31 /* Debug configuration for PBXNativeTarget "flashcard-widget" */,
				CED868B5305585DA009EFF31 /* Release configuration for PBXNativeTarget "flashcard-widget" */,
			);
			defaultConfigurationName = Release;
		};
		CEE867A9305657CF001C3CB6 /* Build configuration list for PBXNativeTarget "flashcard-widgetTests" */ = {
			isa = XCConfigurationList;
			buildConfigurations = (
				CEE867A7305657CF001C3CB6 /* Debug configuration for PBXNativeTarget "flashcard-widgetTests" */,
				CEE867A8305657CF001C3CB6 /* Release configuration for PBXNativeTarget "flashcard-widgetTests" */,
			);
			defaultConfigurationName = Release;
		};
/* End XCConfigurationList section */
	};
	rootObject = CED8689E305585D9009EFF31 /* Project object */;
	validationLevel = 1;
}
